// !$*UTF8*$!
{
	archiveVersion = 1;
	classes = {
	};
	objectVersion = 50;
	objects = {

/* Begin PBXBuildFile section */
		07BFE80221E5A48900F5A1E5 /* AppDelegate.swift in Sources */ = {isa = PBXBuildFile; fileRef = 07BFE80121E5A48900F5A1E5 /* AppDelegate.swift */; };
		07BFE80421E5A48900F5A1E5 /* GoalsVC.swift in Sources */ = {isa = PBXBuildFile; fileRef = 07BFE80321E5A48900F5A1E5 /* GoalsVC.swift */; };
		07BFE80721E5A48900F5A1E5 /* Main.storyboard in Resources */ = {isa = PBXBuildFile; fileRef = 07BFE80521E5A48900F5A1E5 /* Main.storyboard */; };
		07BFE80A21E5A48900F5A1E5 /* GoalApp.xcdatamodeld in Sources */ = {isa = PBXBuildFile; fileRef = 07BFE80821E5A48900F5A1E5 /* GoalApp.xcdatamodeld */; };
		07BFE80C21E5A48A00F5A1E5 /* Assets.xcassets in Resources */ = {isa = PBXBuildFile; fileRef = 07BFE80B21E5A48A00F5A1E5 /* Assets.xcassets */; };
		07BFE80F21E5A48A00F5A1E5 /* LaunchScreen.storyboard in Resources */ = {isa = PBXBuildFile; fileRef = 07BFE80D21E5A48A00F5A1E5 /* LaunchScreen.storyboard */; };
		07BFE81B21E5CEEF00F5A1E5 /* GoalCell.swift in Sources */ = {isa = PBXBuildFile; fileRef = 07BFE81A21E5CEEF00F5A1E5 /* GoalCell.swift */; };
		07BFE81D21E5D7D400F5A1E5 /* GoalType.swift in Sources */ = {isa = PBXBuildFile; fileRef = 07BFE81C21E5D7D400F5A1E5 /* GoalType.swift */; };
		07BFE81F21E5E24C00F5A1E5 /* CreateGoalVC.swift in Sources */ = {isa = PBXBuildFile; fileRef = 07BFE81E21E5E24C00F5A1E5 /* CreateGoalVC.swift */; };
/* End PBXBuildFile section */

/* Begin PBXFileReference section */
		07BFE7FE21E5A48900F5A1E5 /* GoalApp.app */ = {isa = PBXFileReference; explicitFileType = wrapper.application; includeInIndex = 0; path = GoalApp.app; sourceTree = BUILT_PRODUCTS_DIR; };
		07BFE80121E5A48900F5A1E5 /* AppDelegate.swift */ = {isa = PBXFileReference; lastKnownFileType = sourcecode.swift; path = AppDelegate.swift; sourceTree = "<group>"; };
		07BFE80321E5A48900F5A1E5 /* GoalsVC.swift */ = {isa = PBXFileReference; lastKnownFileType = sourcecode.swift; path = GoalsVC.swift; sourceTree = "<group>"; };
		07BFE80621E5A48900F5A1E5 /* Base */ = {isa = PBXFileReference; lastKnownFileType = file.storyboard; name = Base; path = Base.lproj/Main.storyboard; sourceTree = "<group>"; };
		07BFE80921E5A48900F5A1E5 /* GoalApp.xcdatamodel */ = {isa = PBXFileReference; lastKnownFileType = wrapper.xcdatamodel; path = GoalApp.xcdatamodel; sourceTree = "<group>"; };
		07BFE80B21E5A48A00F5A1E5 /* Assets.xcassets */ = {isa = PBXFileReference; lastKnownFileType = folder.assetcatalog; path = Assets.xcassets; sourceTree = "<group>"; };
		07BFE80E21E5A48A00F5A1E5 /* Base */ = {isa = PBXFileReference; lastKnownFileType = file.storyboard; name = Base; path = Base.lproj/LaunchScreen.storyboard; sourceTree = "<group>"; };
		07BFE81021E5A48A00F5A1E5 /* Info.plist */ = {isa = PBXFileReference; lastKnownFileType = text.plist.xml; path = Info.plist; sourceTree = "<group>"; };
		07BFE81A21E5CEEF00F5A1E5 /* GoalCell.swift */ = {isa = PBXFileReference; lastKnownFileType = sourcecode.swift; path = GoalCell.swift; sourceTree = "<group>"; };
		07BFE81C21E5D7D400F5A1E5 /* GoalType.swift */ = {isa = PBXFileReference; lastKnownFileType = sourcecode.swift; path = GoalType.swift; sourceTree = "<group>"; };
		07BFE81E21E5E24C00F5A1E5 /* CreateGoalVC.swift */ = {isa = PBXFileReference; lastKnownFileType = sourcecode.swift; path = CreateGoalVC.swift; sourceTree = "<group>"; };
/* End PBXFileReference section */

/* Begin PBXFrameworksBuildPhase section */
		07BFE7FB21E5A48900F5A1E5 /* Frameworks */ = {
			isa = PBXFrameworksBuildPhase;
			buildActionMask = 2147483647;
			files = (
			);
			runOnlyForDeploymentPostprocessing = 0;
		};
/* End PBXFrameworksBuildPhase section */

/* Begin PBXGroup section */
		07BFE7F521E5A48900F5A1E5 = {
			isa = PBXGroup;
			children = (
				07BFE80021E5A48900F5A1E5 /* GoalApp */,
				07BFE7FF21E5A48900F5A1E5 /* Products */,
			);
			sourceTree = "<group>";
		};
		07BFE7FF21E5A48900F5A1E5 /* Products */ = {
			isa = PBXGroup;
			children = (
				07BFE7FE21E5A48900F5A1E5 /* GoalApp.app */,
			);
			name = Products;
			sourceTree = "<group>";
		};
		07BFE80021E5A48900F5A1E5 /* GoalApp */ = {
			isa = PBXGroup;
			children = (
				07BFE81921E5A4B600F5A1E5 /* Extensions */,
				07BFE81821E5A4B100F5A1E5 /* Enums */,
				07BFE81721E5A49A00F5A1E5 /* View */,
				07BFE81621E5A49400F5A1E5 /* Controller */,
				07BFE80121E5A48900F5A1E5 /* AppDelegate.swift */,
				07BFE80521E5A48900F5A1E5 /* Main.storyboard */,
				07BFE80B21E5A48A00F5A1E5 /* Assets.xcassets */,
				07BFE80D21E5A48A00F5A1E5 /* LaunchScreen.storyboard */,
				07BFE81021E5A48A00F5A1E5 /* Info.plist */,
				07BFE80821E5A48900F5A1E5 /* GoalApp.xcdatamodeld */,
			);
			path = GoalApp;
			sourceTree = "<group>";
		};
		07BFE81621E5A49400F5A1E5 /* Controller */ = {
			isa = PBXGroup;
			children = (
				07BFE80321E5A48900F5A1E5 /* GoalsVC.swift */,
				07BFE81E21E5E24C00F5A1E5 /* CreateGoalVC.swift */,
			);
			path = Controller;
			sourceTree = "<group>";
		};
		07BFE81721E5A49A00F5A1E5 /* View */ = {
			isa = PBXGroup;
			children = (
				07BFE81A21E5CEEF00F5A1E5 /* GoalCell.swift */,
			);
			path = View;
			sourceTree = "<group>";
		};
		07BFE81821E5A4B100F5A1E5 /* Enums */ = {
			isa = PBXGroup;
			children = (
				07BFE81C21E5D7D400F5A1E5 /* GoalType.swift */,
			);
			path = Enums;
			sourceTree = "<group>";
		};
		07BFE81921E5A4B600F5A1E5 /* Extensions */ = {
			isa = PBXGroup;
			children = (
			);
			path = Extensions;
			sourceTree = "<group>";
		};
/* End PBXGroup section */

/* Begin PBXNativeTarget section */
		07BFE7FD21E5A48900F5A1E5 /* GoalApp */ = {
			isa = PBXNativeTarget;
			buildConfigurationList = 07BFE81321E5A48A00F5A1E5 /* Build configuration list for PBXNativeTarget "GoalApp" */;
			buildPhases = (
				07BFE7FA21E5A48900F5A1E5 /* Sources */,
				07BFE7FB21E5A48900F5A1E5 /* Frameworks */,
				07BFE7FC21E5A48900F5A1E5 /* Resources */,
			);
			buildRules = (
			);
			dependencies = (
			);
			name = GoalApp;
			productName = GoalApp;
			productReference = 07BFE7FE21E5A48900F5A1E5 /* GoalApp.app */;
			productType = "com.apple.product-type.application";
		};
/* End PBXNativeTarget section */

/* Begin PBXProject section */
		07BFE7F621E5A48900F5A1E5 /* Project object */ = {
			isa = PBXProject;
			attributes = {
				LastSwiftUpdateCheck = 0940;
				LastUpgradeCheck = 0940;
				ORGANIZATIONNAME = "Jeffrey Umandap";
				TargetAttributes = {
					07BFE7FD21E5A48900F5A1E5 = {
						CreatedOnToolsVersion = 9.4.1;
					};
				};
			};
			buildConfigurationList = 07BFE7F921E5A48900F5A1E5 /* Build configuration list for PBXProject "GoalApp" */;
			compatibilityVersion = "Xcode 9.3";
			developmentRegion = en;
			hasScannedForEncodings = 0;
			knownRegions = (
				en,
				Base,
			);
			mainGroup = 07BFE7F521E5A48900F5A1E5;
			productRefGroup = 07BFE7FF21E5A48900F5A1E5 /* Products */;
			projectDirPath = "";
			projectRoot = "";
			targets = (
				07BFE7FD21E5A48900F5A1E5 /* GoalApp */,
			);
		};
/* End PBXProject section */

/* Begin PBXResourcesBuildPhase section */
		07BFE7FC21E5A48900F5A1E5 /* Resources */ = {
			isa = PBXResourcesBuildPhase;
			buildActionMask = 2147483647;
			files = (
				07BFE80F21E5A48A00F5A1E5 /* LaunchScreen.storyboard in Resources */,
				07BFE80C21E5A48A00F5A1E5 /* Assets.xcassets in Resources */,
				07BFE80721E5A48900F5A1E5 /* Main.storyboard in Resources */,
			);
			runOnlyForDeploymentPostprocessing = 0;
		};
/* End PBXResourcesBuildPhase section */

/* Begin PBXSourcesBuildPhase section */
		07BFE7FA21E5A48900F5A1E5 /* Sources */ = {
			isa = PBXSourcesBuildPhase;
			buildActionMask = 2147483647;
			files = (
				07BFE81B21E5CEEF00F5A1E5 /* GoalCell.swift in Sources */,
				07BFE81F21E5E24C00F5A1E5 /* CreateGoalVC.swift in Sources */,
				07BFE81D21E5D7D400F5A1E5 /* GoalType.swift in Sources */,
				07BFE80A21E5A48900F5A1E5 /* GoalApp.xcdatamodeld in Sources */,
				07BFE80421E5A48900F5A1E5 /* GoalsVC.swift in Sources */,
				07BFE80221E5A48900F5A1E5 /* AppDelegate.swift in Sources */,
			);
			runOnlyForDeploymentPostprocessing = 0;
		};
/* End PBXSourcesBuildPhase section */

/* Begin PBXVariantGroup section */
		07BFE80521E5A48900F5A1E5 /* Main.storyboard */ = {
			isa = PBXVariantGroup;
			children = (
				07BFE80621E5A48900F5A1E5 /* Base */,
			);
			name = Main.storyboard;
			sourceTree = "<group>";
		};
		07BFE80D21E5A48A00F5A1E5 /* LaunchScreen.storyboard */ = {
			isa = PBXVariantGroup;
			children = (
				07BFE80E21E5A48A00F5A1E5 /* Base */,
			);
			name = LaunchScreen.storyboard;
			sourceTree = "<group>";
		};
/* End PBXVariantGroup section */

/* Begin XCBuildConfiguration section */
		07BFE81121E5A48A00F5A1E5 /* Debug */ = {
			isa = XCBuildConfiguration;
			buildSettings = {
				ALWAYS_SEARCH_USER_PATHS = NO;
				CLANG_ANALYZER_NONNULL = YES;
				CLANG_ANALYZER_NUMBER_OBJECT_CONVERSION = YES_AGGRESSIVE;
				CLANG_CXX_LANGUAGE_STANDARD = "gnu++14";
				CLANG_CXX_LIBRARY = "libc++";
				CLANG_ENABLE_MODULES = YES;
				CLANG_ENABLE_OBJC_ARC = YES;
				CLANG_ENABLE_OBJC_WEAK = YES;
				CLANG_WARN_BLOCK_CAPTURE_AUTORELEASING = YES;
				CLANG_WARN_BOOL_CONVERSION = YES;
				CLANG_WARN_COMMA = YES;
				CLANG_WARN_CONSTANT_CONVERSION = YES;
				CLANG_WARN_DEPRECATED_OBJC_IMPLEMENTATIONS = YES;
				CLANG_WARN_DIRECT_OBJC_ISA_USAGE = YES_ERROR;
				CLANG_WARN_DOCUMENTATION_COMMENTS = YES;
				CLANG_WARN_EMPTY_BODY = YES;
				CLANG_WARN_ENUM_CONVERSION = YES;
				CLANG_WARN_INFINITE_RECURSION = YES;
				CLANG_WARN_INT_CONVERSION = YES;
				CLANG_WARN_NON_LITERAL_NULL_CONVERSION = YES;
				CLANG_WARN_OBJC_IMPLICIT_RETAIN_SELF = YES;
				CLANG_WARN_OBJC_LITERAL_CONVERSION = YES;
				CLANG_WARN_OBJC_ROOT_CLASS = YES_ERROR;
				CLANG_WARN_RANGE_LOOP_ANALYSIS = YES;
				CLANG_WARN_STRICT_PROTOTYPES = YES;
				CLANG_WARN_SUSPICIOUS_MOVE = YES;
				CLANG_WARN_UNGUARDED_AVAILABILITY = YES_AGGRESSIVE;
				CLANG_WARN_UNREACHABLE_CODE = YES;
				CLANG_WARN__DUPLICATE_METHOD_MATCH = YES;
				CODE_SIGN_IDENTITY = "iPhone Developer";
				COPY_PHASE_STRIP = NO;
				DEBUG_INFORMATION_FORMAT = dwarf;
				ENABLE_STRICT_OBJC_MSGSEND = YES;
				ENABLE_TESTABILITY = YES;
				GCC_C_LANGUAGE_STANDARD = gnu11;
				GCC_DYNAMIC_NO_PIC = NO;
				GCC_NO_COMMON_BLOCKS = YES;
				GCC_OPTIMIZATION_LEVEL = 0;
				GCC_PREPROCESSOR_DEFINITIONS = (
					"DEBUG=1",
					"$(inherited)",
				);
				GCC_WARN_64_TO_32_BIT_CONVERSION = YES;
				GCC_WARN_ABOUT_RETURN_TYPE = YES_ERROR;
				GCC_WARN_UNDECLARED_SELECTOR = YES;
				GCC_WARN_UNINITIALIZED_AUTOS = YES_AGGRESSIVE;
				GCC_WARN_UNUSED_FUNCTION = YES;
				GCC_WARN_UNUSED_VARIABLE = YES;
				IPHONEOS_DEPLOYMENT_TARGET = 11.4;
				MTL_ENABLE_DEBUG_INFO = YES;
				ONLY_ACTIVE_ARCH = YES;
				SDKROOT = iphoneos;
				SWIFT_ACTIVE_COMPILATION_CONDITIONS = DEBUG;
				SWIFT_OPTIMIZATION_LEVEL = "-Onone";
			};
			name = Debug;
		};
		07BFE81221E5A48A00F5A1E5 /* Release */ = {
			isa = XCBuildConfiguration;
			buildSettings = {
				ALWAYS_SEARCH_USER_PATHS = NO;
				CLANG_ANALYZER_NONNULL = YES;
				CLANG_ANALYZER_NUMBER_OBJECT_CONVERSION = YES_AGGRESSIVE;
				CLANG_CXX_LANGUAGE_STANDARD = "gnu++14";
				CLANG_CXX_LIBRARY = "libc++";
				CLANG_ENABLE_MODULES = YES;
				CLANG_ENABLE_OBJC_ARC = YES;
				CLANG_ENABLE_OBJC_WEAK = YES;
				CLANG_WARN_BLOCK_CAPTURE_AUTORELEASING = YES;
				CLANG_WARN_BOOL_CONVERSION = YES;
				CLANG_WARN_COMMA = YES;
				CLANG_WARN_CONSTANT_CONVERSION = YES;
				CLANG_WARN_DEPRECATED_OBJC_IMPLEMENTATIONS = YES;
				CLANG_WARN_DIRECT_OBJC_ISA_USAGE = YES_ERROR;
				CLANG_WARN_DOCUMENTATION_COMMENTS = YES;
				CLANG_WARN_EMPTY_BODY = YES;
				CLANG_WARN_ENUM_CONVERSION = YES;
				CLANG_WARN_INFINITE_RECURSION = YES;
				CLANG_WARN_INT_CONVERSION = YES;
				CLANG_WARN_NON_LITERAL_NULL_CONVERSION = YES;
				CLANG_WARN_OBJC_IMPLICIT_RETAIN_SELF = YES;
				CLANG_WARN_OBJC_LITERAL_CONVERSION = YES;
				CLANG_WARN_OBJC_ROOT_CLASS = YES_ERROR;
				CLANG_WARN_RANGE_LOOP_ANALYSIS = YES;
				CLANG_WARN_STRICT_PROTOTYPES = YES;
				CLANG_WARN_SUSPICIOUS_MOVE = YES;
				CLANG_WARN_UNGUARDED_AVAILABILITY = YES_AGGRESSIVE;
				CLANG_WARN_UNREACHABLE_CODE = YES;
				CLANG_WARN__DUPLICATE_METHOD_MATCH = YES;
				CODE_SIGN_IDENTITY = "iPhone Developer";
				COPY_PHASE_STRIP = NO;
				DEBUG_INFORMATION_FORMAT = "dwarf-with-dsym";
				ENABLE_NS_ASSERTIONS = NO;
				ENABLE_STRICT_OBJC_MSGSEND = YES;
				GCC_C_LANGUAGE_STANDARD = gnu11;
				GCC_NO_COMMON_BLOCKS = YES;
				GCC_WARN_64_TO_32_BIT_CONVERSION = YES;
				GCC_WARN_ABOUT_RETURN_TYPE = YES_ERROR;
				GCC_WARN_UNDECLARED_SELECTOR = YES;
				GCC_WARN_UNINITIALIZED_AUTOS = YES_AGGRESSIVE;
				GCC_WARN_UNUSED_FUNCTION = YES;
				GCC_WARN_UNUSED_VARIABLE = YES;
				IPHONEOS_DEPLOYMENT_TARGET = 11.4;
				MTL_ENABLE_DEBUG_INFO = NO;
				SDKROOT = iphoneos;
				SWIFT_COMPILATION_MODE = wholemodule;
				SWIFT_OPTIMIZATION_LEVEL = "-O";
				VALIDATE_PRODUCT = YES;
			};
			name = Release;
		};
		07BFE81421E5A48A00F5A1E5 /* Debug */ = {
			isa = XCBuildConfiguration;
			buildSettings = {
				ASSETCATALOG_COMPILER_APPICON_NAME = AppIcon;
				CODE_SIGN_STYLE = Automatic;
				DEVELOPMENT_TEAM = 7AG6G2N4Y4;
				INFOPLIST_FILE = GoalApp/Info.plist;
				LD_RUNPATH_SEARCH_PATHS = (
					"$(inherited)",
					"@executable_path/Frameworks",
				);
				PRODUCT_BUNDLE_IDENTIFIER = com.jumandap.GoalApp;
				PRODUCT_NAME = "$(TARGET_NAME)";
				SWIFT_VERSION = 4.0;
				TARGETED_DEVICE_FAMILY = "1,2";
			};
			name = Debug;
		};
		07BFE81521E5A48A00F5A1E5 /* Release */ = {
			isa = XCBuildConfiguration;
			buildSettings = {
				ASSETCATALOG_COMPILER_APPICON_NAME = AppIcon;
				CODE_SIGN_STYLE = Automatic;
				DEVELOPMENT_TEAM = 7AG6G2N4Y4;
				INFOPLIST_FILE = GoalApp/Info.plist;
				LD_RUNPATH_SEARCH_PATHS = (
					"$(inherited)",
					"@executable_path/Frameworks",
				);
				PRODUCT_BUNDLE_IDENTIFIER = com.jumandap.GoalApp;
				PRODUCT_NAME = "$(TARGET_NAME)";
				SWIFT_VERSION = 4.0;
				TARGETED_DEVICE_FAMILY = "1,2";
			};
			name = Release;
		};
/* End XCBuildConfiguration section */

/* Begin XCConfigurationList section */
		07BFE7F921E5A48900F5A1E5 /* Build configuration list for PBXProject "GoalApp" */ = {
			isa = XCConfigurationList;
			buildConfigurations = (
				07BFE81121E5A48A00F5A1E5 /* Debug */,
				07BFE81221E5A48A00F5A1E5 /* Release */,
			);
			defaultConfigurationIsVisible = 0;
			defaultConfigurationName = Release;
		};
		07BFE81321E5A48A00F5A1E5 /* Build configuration list for PBXNativeTarget "GoalApp" */ = {
			isa = XCConfigurationList;
			buildConfigurations = (
				07BFE81421E5A48A00F5A1E5 /* Debug */,
				07BFE81521E5A48A00F5A1E5 /* Release */,
			);
			defaultConfigurationIsVisible = 0;
			defaultConfigurationName = Release;
		};
/* End XCConfigurationList section */

/* Begin XCVersionGroup section */
		07BFE80821E5A48900F5A1E5 /* GoalApp.xcdatamodeld */ = {
			isa = XCVersionGroup;
			children = (
				07BFE80921E5A48900F5A1E5 /* GoalApp.xcdatamodel */,
			);
			currentVersion = 07BFE80921E5A48900F5A1E5 /* GoalApp.xcdatamodel */;
			path = GoalApp.xcdatamodeld;
			sourceTree = "<group>";
			versionGroupType = wrapper.xcdatamodel;
		};
/* End XCVersionGroup section */
	};
	rootObject = 07BFE7F621E5A48900F5A1E5 /* Project object */;
}
